
Microsoft Visual Studio Solution File, Format Version 12.00
# Visual Studio Version 17
VisualStudioVersion = 17.4.33213.308
MinimumVisualStudioVersion = 10.0.40219.1
Project("{FAE04EC0-301F-11D3-BF4B-00C04F79EFBC}") = "IAS-SalesOffice-UI-TEST", "IAS-SalesOffice-UI-TEST\IAS-SalesOffice-UI-TEST.csproj", "{303CB391-5C89-4330-A974-45053395935A}"
EndProject
Global
	GlobalSection(SolutionConfigurationPlatforms) = preSolution
		Debug|Any CPU = Debug|Any CPU
		Release|Any CPU = Release|Any CPU
	EndGlobalSection
	GlobalSection(ProjectConfigurationPlatforms) = postSolution
		{303CB391-5C89-4330-A974-45053395935A}.Debug|Any CPU.ActiveCfg = Debug|Any CPU
		{303CB391-5C89-4330-A974-45053395935A}.Debug|Any CPU.Build.0 = Debug|Any CPU
		{303CB391-5C89-4330-A974-45053395935A}.Release|Any CPU.ActiveCfg = Release|Any CPU
		{303CB391-5C89-4330-A974-45053395935A}.Release|Any CPU.Build.0 = Release|Any CPU
	EndGlobalSection
	GlobalSection(SolutionProperties) = preSolution
		HideSolutionNode = FALSE
	EndGlobalSection
	GlobalSection(ExtensibilityGlobals) = postSolution
		SolutionGuid = {15C60E68-42C3-44B6-A759-FCB29A6DE880}
	EndGlobalSection
EndGlobal
